
Microsoft Visual Studio Solution File, Format Version 12.00
# Visual Studio Version 17
VisualStudioVersion = 17.0.32014.148
MinimumVisualStudioVersion = 10.0.40219.1
Project("{2150E333-8FDC-42A3-9474-1A3956D46DE8}") = "src", "src", "{F4038C30-CEF3-406D-AAC6-1158BE61617D}"
EndProject
Project("{9A19103F-16F7-4668-BE54-9A1E7A4F7556}") = "PluginCore", "src\PluginCore\PluginCore.csproj", "{8F29F5E4-F306-42E1-BA5D-E0ACAF0A7ED1}"
EndProject
Project("{2150E333-8FDC-42A3-9474-1A3956D46DE8}") = "examples", "examples", "{F7651716-CAC1-42B3-9D95-2C7C835F17CB}"
EndProject
Project("{9A19103F-16F7-4668-BE54-9A1E7A4F7556}") = "AspNetCore3_1", "examples\AspNetCore3_1\AspNetCore3_1.csproj", "{A28AFD35-06C0-4CEE-BB40-45B080DF5A7F}"
EndProject
Project("{9A19103F-16F7-4668-BE54-9A1E7A4F7556}") = "AspNetCore5", "examples\AspNetCore5\AspNetCore5.csproj", "{5B797C83-F308-4455-A599-E0CC771AE059}"
EndProject
Project("{9A19103F-16F7-4668-BE54-9A1E7A4F7556}") = "PluginCore.IPlugins", "src\PluginCore.IPlugins\PluginCore.IPlugins.csproj", "{9675260E-82D8-40CF-B681-898FE0DA839F}"
EndProject
Project("{2150E333-8FDC-42A3-9474-1A3956D46DE8}") = "plugins", "plugins", "{D8255E7B-33DD-40B1-95A7-2B4F45BFE0F4}"
EndProject
Project("{9A19103F-16F7-4668-BE54-9A1E7A4F7556}") = "HelloWorldPlugin", "plugins\HelloWorldPlugin\HelloWorldPlugin.csproj", "{C000158C-1690-41E8-8D44-41AC01A8E81B}"
EndProject
Project("{9A19103F-16F7-4668-BE54-9A1E7A4F7556}") = "PluginCore.Registry", "src\PluginCore.Registry\PluginCore.Registry.csproj", "{42648CA6-5BC7-4C5C-8A23-1F384D18309F}"
EndProject
Project("{9A19103F-16F7-4668-BE54-9A1E7A4F7556}") = "GitHubApiPlugin", "plugins\GitHubApiPlugin\GitHubApiPlugin.csproj", "{7FCD2963-3652-40BF-A6B5-6D0E6083B128}"
EndProject
Project("{9A19103F-16F7-4668-BE54-9A1E7A4F7556}") = "WebSocketDemoPlugin", "plugins\WebSocketDemoPlugin\WebSocketDemoPlugin.csproj", "{23DC0791-2E47-4162-B950-90780E94C332}"
EndProject
Project("{9A19103F-16F7-4668-BE54-9A1E7A4F7556}") = "TestTimeJobPlugin", "plugins\TestTimeJobPlugin\TestTimeJobPlugin.csproj", "{CEB43796-AB46-4A99-8003-475B6880DBAC}"
EndProject
Project("{9A19103F-16F7-4668-BE54-9A1E7A4F7556}") = "DemoModePlugin", "plugins\DemoModePlugin\DemoModePlugin.csproj", "{386ED921-054C-4BB3-A5FF-39011FDD574B}"
EndProject
Project("{9A19103F-16F7-4668-BE54-9A1E7A4F7556}") = "AspNetCore6", "examples\AspNetCore6\AspNetCore6.csproj", "{601F78E5-D68D-4B79-BE56-A3F731E37511}"
EndProject
Project("{9A19103F-16F7-4668-BE54-9A1E7A4F7556}") = "HexoPlugin", "plugins\HexoPlugin\HexoPlugin.csproj", "{93F2ABF9-64E2-4093-B23A-F22FF1981394}"
EndProject
Project("{2150E333-8FDC-42A3-9474-1A3956D46DE8}") = "Solution Items", "Solution Items", "{76E1B97E-563E-4618-A923-9ABBA18EE0CC}"
	ProjectSection(SolutionItems) = preProject
		.editorconfig = .editorconfig
	EndProjectSection
EndProject
Project("{9A19103F-16F7-4668-BE54-9A1E7A4F7556}") = "PluginCore.AspNetCore", "src\PluginCore.AspNetCore\PluginCore.AspNetCore.csproj", "{BED01456-858C-43A5-9B45-14E15F9F2D82}"
EndProject
Project("{9A19103F-16F7-4668-BE54-9A1E7A4F7556}") = "PluginCore.IPlugins.AspNetCore", "src\PluginCore.IPlugins.AspNetCore\PluginCore.IPlugins.AspNetCore.csproj", "{003457E8-D13F-47C0-B07F-0CE5E6AD66F0}"
EndProject
Project("{9A19103F-16F7-4668-BE54-9A1E7A4F7556}") = "AspNetCore6WithNatasha", "examples\AspNetCore6WithNatasha\AspNetCore6WithNatasha.csproj", "{73810C6C-4049-4382-8A96-D7B67B71CDDC}"
EndProject
Global
	GlobalSection(SolutionConfigurationPlatforms) = preSolution
		Debug|Any CPU = Debug|Any CPU
		Release|Any CPU = Release|Any CPU
	EndGlobalSection
	GlobalSection(ProjectConfigurationPlatforms) = postSolution
		{8F29F5E4-F306-42E1-BA5D-E0ACAF0A7ED1}.Debug|Any CPU.ActiveCfg = Debug|Any CPU
		{8F29F5E4-F306-42E1-BA5D-E0ACAF0A7ED1}.Debug|Any CPU.Build.0 = Debug|Any CPU
		{8F29F5E4-F306-42E1-BA5D-E0ACAF0A7ED1}.Release|Any CPU.ActiveCfg = Release|Any CPU
		{8F29F5E4-F306-42E1-BA5D-E0ACAF0A7ED1}.Release|Any CPU.Build.0 = Release|Any CPU
		{A28AFD35-06C0-4CEE-BB40-45B080DF5A7F}.Debug|Any CPU.ActiveCfg = Debug|Any CPU
		{A28AFD35-06C0-4CEE-BB40-45B080DF5A7F}.Debug|Any CPU.Build.0 = Debug|Any CPU
		{A28AFD35-06C0-4CEE-BB40-45B080DF5A7F}.Release|Any CPU.ActiveCfg = Release|Any CPU
		{A28AFD35-06C0-4CEE-BB40-45B080DF5A7F}.Release|Any CPU.Build.0 = Release|Any CPU
		{5B797C83-F308-4455-A599-E0CC771AE059}.Debug|Any CPU.ActiveCfg = Debug|Any CPU
		{5B797C83-F308-4455-A599-E0CC771AE059}.Debug|Any CPU.Build.0 = Debug|Any CPU
		{5B797C83-F308-4455-A599-E0CC771AE059}.Release|Any CPU.ActiveCfg = Release|Any CPU
		{5B797C83-F308-4455-A599-E0CC771AE059}.Release|Any CPU.Build.0 = Release|Any CPU
		{9675260E-82D8-40CF-B681-898FE0DA839F}.Debug|Any CPU.ActiveCfg = Debug|Any CPU
		{9675260E-82D8-40CF-B681-898FE0DA839F}.Debug|Any CPU.Build.0 = Debug|Any CPU
		{9675260E-82D8-40CF-B681-898FE0DA839F}.Release|Any CPU.ActiveCfg = Release|Any CPU
		{9675260E-82D8-40CF-B681-898FE0DA839F}.Release|Any CPU.Build.0 = Release|Any CPU
		{C000158C-1690-41E8-8D44-41AC01A8E81B}.Debug|Any CPU.ActiveCfg = Debug|Any CPU
		{C000158C-1690-41E8-8D44-41AC01A8E81B}.Debug|Any CPU.Build.0 = Debug|Any CPU
		{C000158C-1690-41E8-8D44-41AC01A8E81B}.Release|Any CPU.ActiveCfg = Release|Any CPU
		{C000158C-1690-41E8-8D44-41AC01A8E81B}.Release|Any CPU.Build.0 = Release|Any CPU
		{42648CA6-5BC7-4C5C-8A23-1F384D18309F}.Debug|Any CPU.ActiveCfg = Debug|Any CPU
		{42648CA6-5BC7-4C5C-8A23-1F384D18309F}.Debug|Any CPU.Build.0 = Debug|Any CPU
		{42648CA6-5BC7-4C5C-8A23-1F384D18309F}.Release|Any CPU.ActiveCfg = Release|Any CPU
		{42648CA6-5BC7-4C5C-8A23-1F384D18309F}.Release|Any CPU.Build.0 = Release|Any CPU
		{7FCD2963-3652-40BF-A6B5-6D0E6083B128}.Debug|Any CPU.ActiveCfg = Debug|Any CPU
		{7FCD2963-3652-40BF-A6B5-6D0E6083B128}.Debug|Any CPU.Build.0 = Debug|Any CPU
		{7FCD2963-3652-40BF-A6B5-6D0E6083B128}.Release|Any CPU.ActiveCfg = Release|Any CPU
		{7FCD2963-3652-40BF-A6B5-6D0E6083B128}.Release|Any CPU.Build.0 = Release|Any CPU
		{23DC0791-2E47-4162-B950-90780E94C332}.Debug|Any CPU.ActiveCfg = Debug|Any CPU
		{23DC0791-2E47-4162-B950-90780E94C332}.Debug|Any CPU.Build.0 = Debug|Any CPU
		{23DC0791-2E47-4162-B950-90780E94C332}.Release|Any CPU.ActiveCfg = Release|Any CPU
		{23DC0791-2E47-4162-B950-90780E94C332}.Release|Any CPU.Build.0 = Release|Any CPU
		{CEB43796-AB46-4A99-8003-475B6880DBAC}.Debug|Any CPU.ActiveCfg = Debug|Any CPU
		{CEB43796-AB46-4A99-8003-475B6880DBAC}.Debug|Any CPU.Build.0 = Debug|Any CPU
		{CEB43796-AB46-4A99-8003-475B6880DBAC}.Release|Any CPU.ActiveCfg = Release|Any CPU
		{CEB43796-AB46-4A99-8003-475B6880DBAC}.Release|Any CPU.Build.0 = Release|Any CPU
		{386ED921-054C-4BB3-A5FF-39011FDD574B}.Debug|Any CPU.ActiveCfg = Debug|Any CPU
		{386ED921-054C-4BB3-A5FF-39011FDD574B}.Debug|Any CPU.Build.0 = Debug|Any CPU
		{386ED921-054C-4BB3-A5FF-39011FDD574B}.Release|Any CPU.ActiveCfg = Release|Any CPU
		{386ED921-054C-4BB3-A5FF-39011FDD574B}.Release|Any CPU.Build.0 = Release|Any CPU
		{601F78E5-D68D-4B79-BE56-A3F731E37511}.Debug|Any CPU.ActiveCfg = Debug|Any CPU
		{601F78E5-D68D-4B79-BE56-A3F731E37511}.Debug|Any CPU.Build.0 = Debug|Any CPU
		{601F78E5-D68D-4B79-BE56-A3F731E37511}.Release|Any CPU.ActiveCfg = Release|Any CPU
		{601F78E5-D68D-4B79-BE56-A3F731E37511}.Release|Any CPU.Build.0 = Release|Any CPU
		{93F2ABF9-64E2-4093-B23A-F22FF1981394}.Debug|Any CPU.ActiveCfg = Debug|Any CPU
		{93F2ABF9-64E2-4093-B23A-F22FF1981394}.Debug|Any CPU.Build.0 = Debug|Any CPU
		{93F2ABF9-64E2-4093-B23A-F22FF1981394}.Release|Any CPU.ActiveCfg = Release|Any CPU
		{93F2ABF9-64E2-4093-B23A-F22FF1981394}.Release|Any CPU.Build.0 = Release|Any CPU
		{BED01456-858C-43A5-9B45-14E15F9F2D82}.Debug|Any CPU.ActiveCfg = Debug|Any CPU
		{BED01456-858C-43A5-9B45-14E15F9F2D82}.Debug|Any CPU.Build.0 = Debug|Any CPU
		{BED01456-858C-43A5-9B45-14E15F9F2D82}.Release|Any CPU.ActiveCfg = Release|Any CPU
		{BED01456-858C-43A5-9B45-14E15F9F2D82}.Release|Any CPU.Build.0 = Release|Any CPU
		{003457E8-D13F-47C0-B07F-0CE5E6AD66F0}.Debug|Any CPU.ActiveCfg = Debug|Any CPU
		{003457E8-D13F-47C0-B07F-0CE5E6AD66F0}.Debug|Any CPU.Build.0 = Debug|Any CPU
		{003457E8-D13F-47C0-B07F-0CE5E6AD66F0}.Release|Any CPU.ActiveCfg = Release|Any CPU
		{003457E8-D13F-47C0-B07F-0CE5E6AD66F0}.Release|Any CPU.Build.0 = Release|Any CPU
		{73810C6C-4049-4382-8A96-D7B67B71CDDC}.Debug|Any CPU.ActiveCfg = Debug|Any CPU
		{73810C6C-4049-4382-8A96-D7B67B71CDDC}.Debug|Any CPU.Build.0 = Debug|Any CPU
		{73810C6C-4049-4382-8A96-D7B67B71CDDC}.Release|Any CPU.ActiveCfg = Release|Any CPU
		{73810C6C-4049-4382-8A96-D7B67B71CDDC}.Release|Any CPU.Build.0 = Release|Any CPU
	EndGlobalSection
	GlobalSection(SolutionProperties) = preSolution
		HideSolutionNode = FALSE
	EndGlobalSection
	GlobalSection(NestedProjects) = preSolution
		{8F29F5E4-F306-42E1-BA5D-E0ACAF0A7ED1} = {F4038C30-CEF3-406D-AAC6-1158BE61617D}
		{A28AFD35-06C0-4CEE-BB40-45B080DF5A7F} = {F7651716-CAC1-42B3-9D95-2C7C835F17CB}
		{5B797C83-F308-4455-A599-E0CC771AE059} = {F7651716-CAC1-42B3-9D95-2C7C835F17CB}
		{9675260E-82D8-40CF-B681-898FE0DA839F} = {F4038C30-CEF3-406D-AAC6-1158BE61617D}
		{C000158C-1690-41E8-8D44-41AC01A8E81B} = {D8255E7B-33DD-40B1-95A7-2B4F45BFE0F4}
		{42648CA6-5BC7-4C5C-8A23-1F384D18309F} = {F4038C30-CEF3-406D-AAC6-1158BE61617D}
		{7FCD2963-3652-40BF-A6B5-6D0E6083B128} = {D8255E7B-33DD-40B1-95A7-2B4F45BFE0F4}
		{23DC0791-2E47-4162-B950-90780E94C332} = {D8255E7B-33DD-40B1-95A7-2B4F45BFE0F4}
		{CEB43796-AB46-4A99-8003-475B6880DBAC} = {D8255E7B-33DD-40B1-95A7-2B4F45BFE0F4}
		{386ED921-054C-4BB3-A5FF-39011FDD574B} = {D8255E7B-33DD-40B1-95A7-2B4F45BFE0F4}
		{601F78E5-D68D-4B79-BE56-A3F731E37511} = {F7651716-CAC1-42B3-9D95-2C7C835F17CB}
		{93F2ABF9-64E2-4093-B23A-F22FF1981394} = {D8255E7B-33DD-40B1-95A7-2B4F45BFE0F4}
		{BED01456-858C-43A5-9B45-14E15F9F2D82} = {F4038C30-CEF3-406D-AAC6-1158BE61617D}
		{003457E8-D13F-47C0-B07F-0CE5E6AD66F0} = {F4038C30-CEF3-406D-AAC6-1158BE61617D}
		{73810C6C-4049-4382-8A96-D7B67B71CDDC} = {F7651716-CAC1-42B3-9D95-2C7C835F17CB}
	EndGlobalSection
	GlobalSection(ExtensibilityGlobals) = postSolution
		SolutionGuid = {E5B7D6AB-2647-419D-93CB-5475018BA79C}
	EndGlobalSection
EndGlobal
