{
    "name": "PluginCore",
    "version": "1.0.0",
    "lockfileVersion": 1,
    "requires": true,
    "dependencies": {
        "JSV": {
            "version": "4.0.2",
            "resolved": "https://registry.npm.taobao.org/JSV/download/JSV-4.0.2.tgz",
            "integrity": "sha1-0Hf2glVx+CEy+d/67Vh7QCn+/1c="
        },
        "ansi-styles": {
            "version": "1.0.0",
            "resolved": "https://registry.nlark.com/ansi-styles/download/ansi-styles-1.0.0.tgz?cache=0&sync_timestamp=1618995625950&other_urls=https%3A%2F%2Fregistry.nlark.com%2Fansi-styles%2Fdownload%2Fansi-styles-1.0.0.tgz",
            "integrity": "sha1-yxAt8cVvUSPquLZ817mAJ6AnkXg="
        },
        "async-validator": {
            "version": "1.8.5",
            "resolved": "https://registry.nlark.com/async-validator/download/async-validator-1.8.5.tgz",
            "integrity": "sha1-3D4I7B/Q3dtn5ghC8CwM0c7G1/A=",
            "requires": {
                "babel-runtime": "6.x"
            }
        },
        "axios": {
            "version": "0.18.1",
            "resolved": "https://registry.npm.taobao.org/axios/download/axios-0.18.1.tgz?cache=0&sync_timestamp=1608609188013&other_urls=https%3A%2F%2Fregistry.npm.taobao.org%2Faxios%2Fdownload%2Faxios-0.18.1.tgz",
            "integrity": "sha1-/z8N4ue10YDnV62YAA8Qgbh7zqM=",
            "requires": {
                "follow-redirects": "1.5.10",
                "is-buffer": "^2.0.2"
            }
        },
        "babel-helper-vue-jsx-merge-props": {
            "version": "2.0.3",
            "resolved": "https://registry.nlark.com/babel-helper-vue-jsx-merge-props/download/babel-helper-vue-jsx-merge-props-2.0.3.tgz",
            "integrity": "sha1-Iq69OzOQIyjlEyk6jkmSs4T58bY="
        },
        "babel-runtime": {
            "version": "6.26.0",
            "resolved": "https://registry.npm.taobao.org/babel-runtime/download/babel-runtime-6.26.0.tgz",
            "integrity": "sha1-llxwWGaOgrVde/4E/yM3vItWR/4=",
            "requires": {
                "core-js": "^2.4.0",
                "regenerator-runtime": "^0.11.0"
            },
            "dependencies": {
                "core-js": {
                    "version": "2.6.12",
                    "resolved": "https://registry.nlark.com/core-js/download/core-js-2.6.12.tgz?cache=0&sync_timestamp=1629206158334&other_urls=https%3A%2F%2Fregistry.nlark.com%2Fcore-js%2Fdownload%2Fcore-js-2.6.12.tgz",
                    "integrity": "sha1-2TM9+nsGXjR8xWgiGdb2kIWcwuw="
                }
            }
        },
        "chalk": {
            "version": "0.4.0",
            "resolved": "https://registry.nlark.com/chalk/download/chalk-0.4.0.tgz",
            "integrity": "sha1-UZmj3c0MHv4jvAjBsCewYXbgxk8=",
            "requires": {
                "ansi-styles": "~1.0.0",
                "has-color": "~0.1.0",
                "strip-ansi": "~0.1.0"
            }
        },
        "codemirror": {
            "version": "5.62.2",
            "resolved": "https://registry.nlark.com/codemirror/download/codemirror-5.62.2.tgz",
            "integrity": "sha1-vObRnJgp5ueI+DiG1I7PXB4QbmU="
        },
        "core-js": {
            "version": "3.6.5",
            "resolved": "https://registry.nlark.com/core-js/download/core-js-3.6.5.tgz?cache=0&sync_timestamp=1629206158334&other_urls=https%3A%2F%2Fregistry.nlark.com%2Fcore-js%2Fdownload%2Fcore-js-3.6.5.tgz",
            "integrity": "sha1-c5XcJzrzf7LlDpvT2f6EEoUjHRo="
        },
        "debug": {
            "version": "3.1.0",
            "resolved": "https://registry.nlark.com/debug/download/debug-3.1.0.tgz?cache=0&sync_timestamp=1625374675284&other_urls=https%3A%2F%2Fregistry.nlark.com%2Fdebug%2Fdownload%2Fdebug-3.1.0.tgz",
            "integrity": "sha1-W7WgZyYotkFJVmuhaBnmFRjGcmE=",
            "requires": {
                "ms": "2.0.0"
            }
        },
        "deepmerge": {
            "version": "1.5.2",
            "resolved": "https://registry.npm.taobao.org/deepmerge/download/deepmerge-1.5.2.tgz",
            "integrity": "sha1-EEmdhohEza1P7ghC34x/bwyVp1M="
        },
        "element-ui": {
            "version": "2.13.2",
            "resolved": "https://registry.nlark.com/element-ui/download/element-ui-2.13.2.tgz?cache=0&sync_timestamp=1628057164000&other_urls=https%3A%2F%2Fregistry.nlark.com%2Felement-ui%2Fdownload%2Felement-ui-2.13.2.tgz",
            "integrity": "sha1-WCv0eqqqr+I+oZWPriF6aHrQZEc=",
            "requires": {
                "async-validator": "~1.8.1",
                "babel-helper-vue-jsx-merge-props": "^2.0.0",
                "deepmerge": "^1.2.0",
                "normalize-wheel": "^1.0.1",
                "resize-observer-polyfill": "^1.5.0",
                "throttle-debounce": "^1.0.1"
            }
        },
        "follow-redirects": {
            "version": "1.5.10",
            "resolved": "https://registry.nlark.com/follow-redirects/download/follow-redirects-1.5.10.tgz?cache=0&sync_timestamp=1620555300559&other_urls=https%3A%2F%2Fregistry.nlark.com%2Ffollow-redirects%2Fdownload%2Ffollow-redirects-1.5.10.tgz",
            "integrity": "sha1-e3qfmuov3/NnhqlP9kPtB/T/Xio=",
            "requires": {
                "debug": "=3.1.0"
            }
        },
        "has-color": {
            "version": "0.1.7",
            "resolved": "https://registry.npm.taobao.org/has-color/download/has-color-0.1.7.tgz",
            "integrity": "sha1-ZxRKUmDDT8PMpnfQQdr1L+e3iy8="
        },
        "is-buffer": {
            "version": "2.0.5",
            "resolved": "https://registry.npm.taobao.org/is-buffer/download/is-buffer-2.0.5.tgz?cache=0&sync_timestamp=1604432378894&other_urls=https%3A%2F%2Fregistry.npm.taobao.org%2Fis-buffer%2Fdownload%2Fis-buffer-2.0.5.tgz",
            "integrity": "sha1-68JS5ADSL/jXf6CYiIIaJKZYwZE="
        },
        "js-cookie": {
            "version": "2.2.0",
            "resolved": "https://registry.nlark.com/js-cookie/download/js-cookie-2.2.0.tgz",
            "integrity": "sha1-Gywnmm7s44ChIWi5JIUmWzWx7/s="
        },
        "jsonlint": {
            "version": "1.6.3",
            "resolved": "https://registry.npm.taobao.org/jsonlint/download/jsonlint-1.6.3.tgz",
            "integrity": "sha1-y14x78C3gpHQ2GL77wWQCt8hKYg=",
            "requires": {
                "JSV": "^4.0.x",
                "nomnom": "^1.5.x"
            }
        },
        "ms": {
            "version": "2.0.0",
            "resolved": "https://registry.npm.taobao.org/ms/download/ms-2.0.0.tgz?cache=0&sync_timestamp=1607433872491&other_urls=https%3A%2F%2Fregistry.npm.taobao.org%2Fms%2Fdownload%2Fms-2.0.0.tgz",
            "integrity": "sha1-VgiurfwAvmwpAd9fmGF4jeDVl8g="
        },
        "nomnom": {
            "version": "1.8.1",
            "resolved": "https://registry.npm.taobao.org/nomnom/download/nomnom-1.8.1.tgz",
            "integrity": "sha1-IVH3Ikcrp55Qp2/BJbuMjy5Nwqc=",
            "requires": {
                "chalk": "~0.4.0",
                "underscore": "~1.6.0"
            }
        },
        "normalize-wheel": {
            "version": "1.0.1",
            "resolved": "https://registry.npm.taobao.org/normalize-wheel/download/normalize-wheel-1.0.1.tgz",
            "integrity": "sha1-rsiGr/2wRQcNhWRH32Ls+GFG7EU="
        },
        "normalize.css": {
            "version": "7.0.0",
            "resolved": "https://registry.npm.taobao.org/normalize.css/download/normalize.css-7.0.0.tgz",
            "integrity": "sha1-q/sd2CRwZ04DIrU86xqvQSk45L8="
        },
        "nprogress": {
            "version": "0.2.0",
            "resolved": "https://registry.nlark.com/nprogress/download/nprogress-0.2.0.tgz",
            "integrity": "sha1-y480xTIT2JVyP8urkH6UIq28r7E="
        },
        "path-to-regexp": {
            "version": "2.4.0",
            "resolved": "https://registry.npm.taobao.org/path-to-regexp/download/path-to-regexp-2.4.0.tgz?cache=0&other_urls=https%3A%2F%2Fregistry.npm.taobao.org%2Fpath-to-regexp%2Fdownload%2Fpath-to-regexp-2.4.0.tgz",
            "integrity": "sha1-Nc5/Mz1WFvHB4b/iZsOrouWy5wQ="
        },
        "plugincore-admin-frontend": {
            "version": "0.2.0",
            "resolved": "https://registry.nlark.com/plugincore-admin-frontend/download/plugincore-admin-frontend-0.2.0.tgz",
            "integrity": "sha1-lLP66al7EArwZH5xAsj6RuCLqJk=",
            "requires": {
                "axios": "0.18.1",
                "codemirror": "^5.57.0",
                "core-js": "3.6.5",
                "element-ui": "2.13.2",
                "js-cookie": "2.2.0",
                "jsonlint": "^1.6.3",
                "normalize.css": "7.0.0",
                "nprogress": "0.2.0",
                "path-to-regexp": "2.4.0",
                "script-loader": "^0.7.2",
                "vue": "2.6.10",
                "vue-meditor": "^2.1.1",
                "vue-router": "3.0.6",
                "vuex": "3.1.0"
            }
        },
        "raw-loader": {
            "version": "0.5.1",
            "resolved": "https://registry.npm.taobao.org/raw-loader/download/raw-loader-0.5.1.tgz",
            "integrity": "sha1-DD0L6u2KAclm2Xh793goElKpeao="
        },
        "regenerator-runtime": {
            "version": "0.11.1",
            "resolved": "https://registry.nlark.com/regenerator-runtime/download/regenerator-runtime-0.11.1.tgz?cache=0&sync_timestamp=1626993001371&other_urls=https%3A%2F%2Fregistry.nlark.com%2Fregenerator-runtime%2Fdownload%2Fregenerator-runtime-0.11.1.tgz",
            "integrity": "sha1-vgWtf5v30i4Fb5cmzuUBf78Z4uk="
        },
        "resize-observer-polyfill": {
            "version": "1.5.1",
            "resolved": "https://registry.npm.taobao.org/resize-observer-polyfill/download/resize-observer-polyfill-1.5.1.tgz",
            "integrity": "sha1-DpAg3T0hAkRY1OvSfiPkAmmBBGQ="
        },
        "script-loader": {
            "version": "0.7.2",
            "resolved": "https://registry.nlark.com/script-loader/download/script-loader-0.7.2.tgz",
            "integrity": "sha1-IBbbb4byX1z1baOJFdgzeLsWa6c=",
            "requires": {
                "raw-loader": "~0.5.1"
            }
        },
        "strip-ansi": {
            "version": "0.1.1",
            "resolved": "https://registry.npm.taobao.org/strip-ansi/download/strip-ansi-0.1.1.tgz?cache=0&sync_timestamp=1618553299612&other_urls=https%3A%2F%2Fregistry.npm.taobao.org%2Fstrip-ansi%2Fdownload%2Fstrip-ansi-0.1.1.tgz",
            "integrity": "sha1-OeipjQRNFQZgq+SmgIrPcLt7yZE="
        },
        "throttle-debounce": {
            "version": "1.1.0",
            "resolved": "https://registry.npm.taobao.org/throttle-debounce/download/throttle-debounce-1.1.0.tgz?cache=0&sync_timestamp=1604313880785&other_urls=https%3A%2F%2Fregistry.npm.taobao.org%2Fthrottle-debounce%2Fdownload%2Fthrottle-debounce-1.1.0.tgz",
            "integrity": "sha1-UYU9o3vmihVctugns1FKPEIuic0="
        },
        "underscore": {
            "version": "1.6.0",
            "resolved": "https://registry.npm.taobao.org/underscore/download/underscore-1.6.0.tgz",
            "integrity": "sha1-izixDKze9jM3uLJOT/htRa6lKag="
        },
        "vue": {
            "version": "2.6.10",
            "resolved": "https://registry.nlark.com/vue/download/vue-2.6.10.tgz?cache=0&sync_timestamp=1629217665911&other_urls=https%3A%2F%2Fregistry.nlark.com%2Fvue%2Fdownload%2Fvue-2.6.10.tgz",
            "integrity": "sha1-pysaQqTYKnIepDjRtr9V5mGVxjc="
        },
        "vue-meditor": {
            "version": "2.1.1",
            "resolved": "https://registry.npm.taobao.org/vue-meditor/download/vue-meditor-2.1.1.tgz",
            "integrity": "sha1-ugKSLNSzkkkssLigtbdpMLKvMRc="
        },
        "vue-router": {
            "version": "3.0.6",
            "resolved": "https://registry.nlark.com/vue-router/download/vue-router-3.0.6.tgz?cache=0&sync_timestamp=1628495505697&other_urls=https%3A%2F%2Fregistry.nlark.com%2Fvue-router%2Fdownload%2Fvue-router-3.0.6.tgz",
            "integrity": "sha1-Lk8PnLsLltAgWrJpDP5YiTUTasM="
        },
        "vuex": {
            "version": "3.1.0",
            "resolved": "https://registry.nlark.com/vuex/download/vuex-3.1.0.tgz",
            "integrity": "sha1-Y0uBUVzwz+l2vR/+lgF1XlH4Q7k="
        }
    }
}
