{
    "name": "PluginCore",
    "version": "1.0.0",
    "lockfileVersion": 3,
    "requires": true,
    "packages": {
        "": {
            "name": "PluginCore",
            "version": "1.0.0",
            "dependencies": {
                "plugincore-admin-frontend": "0.3.2"
            }
        },
        "node_modules/ansi-styles": {
            "version": "1.0.0",
            "resolved": "https://registry.npmmirror.com/ansi-styles/-/ansi-styles-1.0.0.tgz",
            "integrity": "sha512-3iF4FIKdxaVYT3JqQuY3Wat/T2t7TRbbQ94Fu50ZUCbLy4TFbTzr90NOHQodQkNqmeEGCw8WbeP78WNi6SKYUA==",
            "engines": {
                "node": ">=0.8.0"
            }
        },
        "node_modules/async-validator": {
            "version": "1.8.5",
            "resolved": "https://registry.npmmirror.com/async-validator/-/async-validator-1.8.5.tgz",
            "integrity": "sha512-tXBM+1m056MAX0E8TL2iCjg8WvSyXu0Zc8LNtYqrVeyoL3+esHRZ4SieE9fKQyyU09uONjnMEjrNBMqT0mbvmA==",
            "dependencies": {
                "babel-runtime": "6.x"
            }
        },
        "node_modules/axios": {
            "version": "0.18.1",
            "resolved": "https://registry.npmmirror.com/axios/-/axios-0.18.1.tgz",
            "integrity": "sha512-0BfJq4NSfQXd+SkFdrvFbG7addhYSBA2mQwISr46pD6E5iqkWg02RAs8vyTT/j0RTnoYmeXauBuSv1qKwR179g==",
            "deprecated": "Critical security vulnerability fixed in v0.21.1. For more information, see https://github.com/axios/axios/pull/3410",
            "dependencies": {
                "follow-redirects": "1.5.10",
                "is-buffer": "^2.0.2"
            }
        },
        "node_modules/babel-helper-vue-jsx-merge-props": {
            "version": "2.0.3",
            "resolved": "https://registry.npmmirror.com/babel-helper-vue-jsx-merge-props/-/babel-helper-vue-jsx-merge-props-2.0.3.tgz",
            "integrity": "sha512-gsLiKK7Qrb7zYJNgiXKpXblxbV5ffSwR0f5whkPAaBAR4fhi6bwRZxX9wBlIc5M/v8CCkXUbXZL4N/nSE97cqg=="
        },
        "node_modules/babel-runtime": {
            "version": "6.26.0",
            "resolved": "https://registry.npmmirror.com/babel-runtime/-/babel-runtime-6.26.0.tgz",
            "integrity": "sha512-ITKNuq2wKlW1fJg9sSW52eepoYgZBggvOAHC0u/CYu/qxQ9EVzThCgR69BnSXLHjy2f7SY5zaQ4yt7H9ZVxY2g==",
            "dependencies": {
                "core-js": "^2.4.0",
                "regenerator-runtime": "^0.11.0"
            }
        },
        "node_modules/babel-runtime/node_modules/core-js": {
            "version": "2.6.12",
            "resolved": "https://registry.npmmirror.com/core-js/-/core-js-2.6.12.tgz",
            "integrity": "sha512-Kb2wC0fvsWfQrgk8HU5lW6U/Lcs8+9aaYcy4ZFc6DDlo4nZ7n70dEgE5rtR0oG6ufKDUnrwfWL1mXR5ljDatrQ==",
            "deprecated": "core-js@<3.23.3 is no longer maintained and not recommended for usage due to the number of issues. Because of the V8 engine whims, feature detection in old core-js versions could cause a slowdown up to 100x even if nothing is polyfilled. Some versions have web compatibility issues. Please, upgrade your dependencies to the actual version of core-js.",
            "hasInstallScript": true
        },
        "node_modules/chalk": {
            "version": "0.4.0",
            "resolved": "https://registry.npmmirror.com/chalk/-/chalk-0.4.0.tgz",
            "integrity": "sha512-sQfYDlfv2DGVtjdoQqxS0cEZDroyG8h6TamA6rvxwlrU5BaSLDx9xhatBYl2pxZ7gmpNaPFVwBtdGdu5rQ+tYQ==",
            "dependencies": {
                "ansi-styles": "~1.0.0",
                "has-color": "~0.1.0",
                "strip-ansi": "~0.1.0"
            },
            "engines": {
                "node": ">=0.8.0"
            }
        },
        "node_modules/codemirror": {
            "version": "5.65.2",
            "resolved": "https://registry.npmmirror.com/codemirror/-/codemirror-5.65.2.tgz",
            "integrity": "sha512-SZM4Zq7XEC8Fhroqe3LxbEEX1zUPWH1wMr5zxiBuiUF64iYOUH/JI88v4tBag8MiBS8B8gRv8O1pPXGYXQ4ErA=="
        },
        "node_modules/core-js": {
            "version": "3.6.5",
            "resolved": "https://registry.npmmirror.com/core-js/-/core-js-3.6.5.tgz",
            "integrity": "sha512-vZVEEwZoIsI+vPEuoF9Iqf5H7/M3eeQqWlQnYa8FSKKePuYTf5MWnxb5SDAzCa60b3JBRS5g9b+Dq7b1y/RCrA==",
            "deprecated": "core-js@<3.23.3 is no longer maintained and not recommended for usage due to the number of issues. Because of the V8 engine whims, feature detection in old core-js versions could cause a slowdown up to 100x even if nothing is polyfilled. Some versions have web compatibility issues. Please, upgrade your dependencies to the actual version of core-js.",
            "hasInstallScript": true
        },
        "node_modules/debug": {
            "version": "3.1.0",
            "resolved": "https://registry.npmmirror.com/debug/-/debug-3.1.0.tgz",
            "integrity": "sha512-OX8XqP7/1a9cqkxYw2yXss15f26NKWBpDXQd0/uK/KPqdQhxbPa994hnzjcE2VqQpDslf55723cKPUOGSmMY3g==",
            "dependencies": {
                "ms": "2.0.0"
            }
        },
        "node_modules/deepmerge": {
            "version": "1.5.2",
            "resolved": "https://registry.npmmirror.com/deepmerge/-/deepmerge-1.5.2.tgz",
            "integrity": "sha512-95k0GDqvBjZavkuvzx/YqVLv/6YYa17fz6ILMSf7neqQITCPbnfEnQvEgMPNjH4kgobe7+WIL0yJEHku+H3qtQ==",
            "engines": {
                "node": ">=0.10.0"
            }
        },
        "node_modules/element-ui": {
            "version": "2.13.2",
            "resolved": "https://registry.npmmirror.com/element-ui/-/element-ui-2.13.2.tgz",
            "integrity": "sha512-r761DRPssMPKDiJZWFlG+4e4vr0cRG/atKr3Eqr8Xi0tQMNbtmYU1QXvFnKiFPFFGkgJ6zS6ASkG+sellcoHlQ==",
            "dependencies": {
                "async-validator": "~1.8.1",
                "babel-helper-vue-jsx-merge-props": "^2.0.0",
                "deepmerge": "^1.2.0",
                "normalize-wheel": "^1.0.1",
                "resize-observer-polyfill": "^1.5.0",
                "throttle-debounce": "^1.0.1"
            },
            "peerDependencies": {
                "vue": "^2.5.17"
            }
        },
        "node_modules/follow-redirects": {
            "version": "1.5.10",
            "resolved": "https://registry.npmmirror.com/follow-redirects/-/follow-redirects-1.5.10.tgz",
            "integrity": "sha512-0V5l4Cizzvqt5D44aTXbFZz+FtyXV1vrDN6qrelxtfYQKW0KO0W2T/hkE8xvGa/540LkZlkaUjO4ailYTFtHVQ==",
            "dependencies": {
                "debug": "=3.1.0"
            },
            "engines": {
                "node": ">=4.0"
            }
        },
        "node_modules/has-color": {
            "version": "0.1.7",
            "resolved": "https://registry.npmmirror.com/has-color/-/has-color-0.1.7.tgz",
            "integrity": "sha512-kaNz5OTAYYmt646Hkqw50/qyxP2vFnTVu5AQ1Zmk22Kk5+4Qx6BpO8+u7IKsML5fOsFk0ZT0AcCJNYwcvaLBvw==",
            "engines": {
                "node": ">=0.10.0"
            }
        },
        "node_modules/is-buffer": {
            "version": "2.0.5",
            "resolved": "https://registry.npmmirror.com/is-buffer/-/is-buffer-2.0.5.tgz",
            "integrity": "sha512-i2R6zNFDwgEHJyQUtJEk0XFi1i0dPFn/oqjK3/vPCcDeJvW5NQ83V8QbicfF1SupOaB0h8ntgBC2YiE7dfyctQ==",
            "engines": {
                "node": ">=4"
            }
        },
        "node_modules/js-cookie": {
            "version": "2.2.0",
            "resolved": "https://registry.npmmirror.com/js-cookie/-/js-cookie-2.2.0.tgz",
            "integrity": "sha512-7YAJP/LPE/MhDjHIdfIiT665HUSumCwPN2hAmO6OJZ8V3o1mtz2HeQ8BKetEjkh+3nqGxYaq1vPMViUR8kaOXw=="
        },
        "node_modules/jsonlint": {
            "version": "1.6.3",
            "resolved": "https://registry.npmmirror.com/jsonlint/-/jsonlint-1.6.3.tgz",
            "integrity": "sha512-jMVTMzP+7gU/IyC6hvKyWpUU8tmTkK5b3BPNuMI9U8Sit+YAWLlZwB6Y6YrdCxfg2kNz05p3XY3Bmm4m26Nv3A==",
            "dependencies": {
                "JSV": "^4.0.x",
                "nomnom": "^1.5.x"
            },
            "bin": {
                "jsonlint": "lib/cli.js"
            },
            "engines": {
                "node": ">= 0.6"
            }
        },
        "node_modules/JSV": {
            "version": "4.0.2",
            "resolved": "https://registry.npmmirror.com/JSV/-/JSV-4.0.2.tgz",
            "integrity": "sha512-ZJ6wx9xaKJ3yFUhq5/sk82PJMuUyLk277I8mQeyDgCTjGdjWJIvPfaU5LIXaMuaN2UO1X3kZH4+lgphublZUHw==",
            "engines": {
                "node": "*"
            }
        },
        "node_modules/ms": {
            "version": "2.0.0",
            "resolved": "https://registry.npmmirror.com/ms/-/ms-2.0.0.tgz",
            "integrity": "sha512-Tpp60P6IUJDTuOq/5Z8cdskzJujfwqfOTkrwIwj7IRISpnkJnT6SyJ4PCPnGMoFjC9ddhal5KVIYtAt97ix05A=="
        },
        "node_modules/nomnom": {
            "version": "1.8.1",
            "resolved": "https://registry.npmmirror.com/nomnom/-/nomnom-1.8.1.tgz",
            "integrity": "sha512-5s0JxqhDx9/rksG2BTMVN1enjWSvPidpoSgViZU4ZXULyTe+7jxcCRLB6f42Z0l1xYJpleCBtSyY6Lwg3uu5CQ==",
            "deprecated": "Package no longer supported. Contact support@npmjs.com for more info.",
            "dependencies": {
                "chalk": "~0.4.0",
                "underscore": "~1.6.0"
            }
        },
        "node_modules/normalize-wheel": {
            "version": "1.0.1",
            "resolved": "https://registry.npmmirror.com/normalize-wheel/-/normalize-wheel-1.0.1.tgz",
            "integrity": "sha512-1OnlAPZ3zgrk8B91HyRj+eVv+kS5u+Z0SCsak6Xil/kmgEia50ga7zfkumayonZrImffAxPU/5WcyGhzetHNPA=="
        },
        "node_modules/normalize.css": {
            "version": "7.0.0",
            "resolved": "https://registry.npmmirror.com/normalize.css/-/normalize.css-7.0.0.tgz",
            "integrity": "sha512-LYaFZxj2Q1Q9e1VJ0f6laG46Rt5s9URhKyckNaA2vZnL/0gwQHWhM7ALQkp3WBQKM5sXRLQ5Ehrfkp+E/ZiCRg=="
        },
        "node_modules/nprogress": {
            "version": "0.2.0",
            "resolved": "https://registry.npmmirror.com/nprogress/-/nprogress-0.2.0.tgz",
            "integrity": "sha512-I19aIingLgR1fmhftnbWWO3dXc0hSxqHQHQb3H8m+K3TnEn/iSeTZZOyvKXWqQESMwuUVnatlCnZdLBZZt2VSA=="
        },
        "node_modules/path-to-regexp": {
            "version": "2.4.0",
            "resolved": "https://registry.npmmirror.com/path-to-regexp/-/path-to-regexp-2.4.0.tgz",
            "integrity": "sha512-G6zHoVqC6GGTQkZwF4lkuEyMbVOjoBKAEybQUypI1WTkqinCOrq2x6U2+phkJ1XsEMTy4LjtwPI7HW+NVrRR2w=="
        },
        "node_modules/plugincore-admin-frontend": {
            "version": "0.3.2",
            "resolved": "https://registry.npmmirror.com/plugincore-admin-frontend/-/plugincore-admin-frontend-0.3.2.tgz",
            "integrity": "sha512-w8t6J+92Ns/gan/3uLW9Uns6vbAEkOzYBzueCJY5b7i+F7wyvmh0TcOHQscm6VmJQW+d73eaTk4psIcUcHbOng==",
            "dependencies": {
                "axios": "0.18.1",
                "codemirror": "^5.57.0",
                "core-js": "3.6.5",
                "element-ui": "2.13.2",
                "js-cookie": "2.2.0",
                "jsonlint": "^1.6.3",
                "normalize.css": "7.0.0",
                "nprogress": "0.2.0",
                "path-to-regexp": "2.4.0",
                "script-loader": "^0.7.2",
                "vue": "2.6.10",
                "vue-i18n": "^8.26.7",
                "vue-meditor": "^2.1.1",
                "vue-router": "3.0.6",
                "vuex": "3.1.0"
            },
            "engines": {
                "node": ">=8.9",
                "npm": ">= 3.0.0"
            }
        },
        "node_modules/raw-loader": {
            "version": "0.5.1",
            "resolved": "https://registry.npmmirror.com/raw-loader/-/raw-loader-0.5.1.tgz",
            "integrity": "sha512-sf7oGoLuaYAScB4VGr0tzetsYlS8EJH6qnTCfQ/WVEa89hALQ4RQfCKt5xCyPQKPDUbVUAIP1QsxAwfAjlDp7Q=="
        },
        "node_modules/regenerator-runtime": {
            "version": "0.11.1",
            "resolved": "https://registry.npmmirror.com/regenerator-runtime/-/regenerator-runtime-0.11.1.tgz",
            "integrity": "sha512-MguG95oij0fC3QV3URf4V2SDYGJhJnJGqvIIgdECeODCT98wSWDAJ94SSuVpYQUoTcGUIL6L4yNB7j1DFFHSBg=="
        },
        "node_modules/resize-observer-polyfill": {
            "version": "1.5.1",
            "resolved": "https://registry.npmmirror.com/resize-observer-polyfill/-/resize-observer-polyfill-1.5.1.tgz",
            "integrity": "sha512-LwZrotdHOo12nQuZlHEmtuXdqGoOD0OhaxopaNFxWzInpEgaLWoVuAMbTzixuosCx2nEG58ngzW3vxdWoxIgdg=="
        },
        "node_modules/script-loader": {
            "version": "0.7.2",
            "resolved": "https://registry.npmmirror.com/script-loader/-/script-loader-0.7.2.tgz",
            "integrity": "sha512-UMNLEvgOAQuzK8ji8qIscM3GIrRCWN6MmMXGD4SD5l6cSycgGsCo0tX5xRnfQcoghqct0tjHjcykgI1PyBE2aA==",
            "dependencies": {
                "raw-loader": "~0.5.1"
            }
        },
        "node_modules/strip-ansi": {
            "version": "0.1.1",
            "resolved": "https://registry.npmmirror.com/strip-ansi/-/strip-ansi-0.1.1.tgz",
            "integrity": "sha512-behete+3uqxecWlDAm5lmskaSaISA+ThQ4oNNBDTBJt0x2ppR6IPqfZNuj6BLaLJ/Sji4TPZlcRyOis8wXQTLg==",
            "bin": {
                "strip-ansi": "cli.js"
            },
            "engines": {
                "node": ">=0.8.0"
            }
        },
        "node_modules/throttle-debounce": {
            "version": "1.1.0",
            "resolved": "https://registry.npmmirror.com/throttle-debounce/-/throttle-debounce-1.1.0.tgz",
            "integrity": "sha512-XH8UiPCQcWNuk2LYePibW/4qL97+ZQ1AN3FNXwZRBNPPowo/NRU5fAlDCSNBJIYCKbioZfuYtMhG4quqoJhVzg==",
            "engines": {
                "node": ">=4"
            }
        },
        "node_modules/underscore": {
            "version": "1.6.0",
            "resolved": "https://registry.npmmirror.com/underscore/-/underscore-1.6.0.tgz",
            "integrity": "sha512-z4o1fvKUojIWh9XuaVLUDdf86RQiq13AC1dmHbTpoyuu+bquHms76v16CjycCbec87J7z0k//SiQVk0sMdFmpQ=="
        },
        "node_modules/vue": {
            "version": "2.6.10",
            "resolved": "https://registry.npmmirror.com/vue/-/vue-2.6.10.tgz",
            "integrity": "sha512-ImThpeNU9HbdZL3utgMCq0oiMzAkt1mcgy3/E6zWC/G6AaQoeuFdsl9nDhTDU3X1R6FK7nsIUuRACVcjI+A2GQ=="
        },
        "node_modules/vue-i18n": {
            "version": "8.27.1",
            "resolved": "https://registry.npmmirror.com/vue-i18n/-/vue-i18n-8.27.1.tgz",
            "integrity": "sha512-lWrGm4F25qReJ7XxSnFVb2h3PfW54ldnM4C+YLBGGJ75+Myt/kj4hHSTKqsyDLamvNYpvINMicSOdW+7yuqgIQ=="
        },
        "node_modules/vue-meditor": {
            "version": "2.1.1",
            "resolved": "https://registry.npmmirror.com/vue-meditor/-/vue-meditor-2.1.1.tgz",
            "integrity": "sha512-xvLqqvS4LzEJ7TqW2mDSzvueMey/WM92o0jfmqZWBTks1/8EAmn0ehqZDlcq/W+1goQpUmWE4m3yJjzQnoZhQQ=="
        },
        "node_modules/vue-router": {
            "version": "3.0.6",
            "resolved": "https://registry.npmmirror.com/vue-router/-/vue-router-3.0.6.tgz",
            "integrity": "sha512-Ox0ciFLswtSGRTHYhGvx2L44sVbTPNS+uD2kRISuo8B39Y79rOo0Kw0hzupTmiVtftQYCZl87mwldhh2L9Aquw=="
        },
        "node_modules/vuex": {
            "version": "3.1.0",
            "resolved": "https://registry.npmmirror.com/vuex/-/vuex-3.1.0.tgz",
            "integrity": "sha512-mdHeHT/7u4BncpUZMlxNaIdcN/HIt1GsGG5LKByArvYG/v6DvHcOxvDCts+7SRdCoIRGllK8IMZvQtQXLppDYg=="
        }
    }
}
